
Microsoft Visual Studio Solution File, Format Version 12.00
# Visual Studio 2012
Project("{FAE04EC0-301F-11D3-BF4B-00C04F79EFBC}") = "LR3", "LR3\LR3.csproj", "{11F560E6-33D1-4796-BA4D-3A5BAE98E061}"
EndProject
Project("{FAE04EC0-301F-11D3-BF4B-00C04F79EFBC}") = "UnitTestProject", "UnitTestProject\UnitTestProject.csproj", "{7611D4B2-3921-443A-8D34-DEE6D3BB3CF3}"
EndProject
Global
	GlobalSection(SolutionConfigurationPlatforms) = preSolution
		Debug|Any CPU = Debug|Any CPU
		Release|Any CPU = Release|Any CPU
	EndGlobalSection
	GlobalSection(ProjectConfigurationPlatforms) = postSolution
		{11F560E6-33D1-4796-BA4D-3A5BAE98E061}.Debug|Any CPU.ActiveCfg = Debug|Any CPU
		{11F560E6-33D1-4796-BA4D-3A5BAE98E061}.Debug|Any CPU.Build.0 = Debug|Any CPU
		{11F560E6-33D1-4796-BA4D-3A5BAE98E061}.Release|Any CPU.ActiveCfg = Release|Any CPU
		{11F560E6-33D1-4796-BA4D-3A5BAE98E061}.Release|Any CPU.Build.0 = Release|Any CPU
		{7611D4B2-3921-443A-8D34-DEE6D3BB3CF3}.Debug|Any CPU.ActiveCfg = Debug|Any CPU
		{7611D4B2-3921-443A-8D34-DEE6D3BB3CF3}.Debug|Any CPU.Build.0 = Debug|Any CPU
		{7611D4B2-3921-443A-8D34-DEE6D3BB3CF3}.Release|Any CPU.ActiveCfg = Release|Any CPU
		{7611D4B2-3921-443A-8D34-DEE6D3BB3CF3}.Release|Any CPU.Build.0 = Release|Any CPU
	EndGlobalSection
	GlobalSection(SolutionProperties) = preSolution
		HideSolutionNode = FALSE
	EndGlobalSection
EndGlobal
